// !$*UTF8*$!
{
	archiveVersion = 1;
	classes = {
	};
	objectVersion = 51;
	objects = {

/* Begin PBXBuildFile section */
		8C21417B22CCB3F1002F9D25 /* UserHistory.storyboard in Resources */ = {isa = PBXBuildFile; fileRef = 8C21417A22CCB3F1002F9D25 /* UserHistory.storyboard */; };
		8C21417D22CCC01D002F9D25 /* UserHistoryViewController.swift in Sources */ = {isa = PBXBuildFile; fileRef = 8C21417C22CCC01D002F9D25 /* UserHistoryViewController.swift */; };
		8C21418022CCC59E002F9D25 /* FoldingCell.swift in Sources */ = {isa = PBXBuildFile; fileRef = 8C21417F22CCC59E002F9D25 /* FoldingCell.swift */; };
		8CB10C2E22CE5C6A00D428AA /* DropTableViewCell.swift in Sources */ = {isa = PBXBuildFile; fileRef = 8CB10C2D22CE5C6A00D428AA /* DropTableViewCell.swift */; };
		8CB10C3022CE5C8800D428AA /* ChartTableViewCell.swift in Sources */ = {isa = PBXBuildFile; fileRef = 8CB10C2F22CE5C8800D428AA /* ChartTableViewCell.swift */; };
		8CB10C3222CE5CAA00D428AA /* UserDetailTableViewCell.swift in Sources */ = {isa = PBXBuildFile; fileRef = 8CB10C3122CE5CAA00D428AA /* UserDetailTableViewCell.swift */; };
		8CCED93622DB290F00BB3B32 /* UserHistoryResponse.swift in Sources */ = {isa = PBXBuildFile; fileRef = 8CCED93522DB290F00BB3B32 /* UserHistoryResponse.swift */; };
		8CF3716122D5931200D689F0 /* AdminHistory.storyboard in Resources */ = {isa = PBXBuildFile; fileRef = 8CF3716022D5931200D689F0 /* AdminHistory.storyboard */; };
		8CF3716322D5931D00D689F0 /* AdminTableViewCell.swift in Sources */ = {isa = PBXBuildFile; fileRef = 8CF3716222D5931D00D689F0 /* AdminTableViewCell.swift */; };
		8CF3716522D5933400D689F0 /* AdminHistoryViewController.swift in Sources */ = {isa = PBXBuildFile; fileRef = 8CF3716422D5933400D689F0 /* AdminHistoryViewController.swift */; };
		A9B9D4D301A3F7A1A6B6B105 /* Pods_KPI_Application.framework in Frameworks */ = {isa = PBXBuildFile; fileRef = 6B86F7A6257F92D1C4E16044 /* Pods_KPI_Application.framework */; };
		AD05857222CBACC000B36010 /* Scoring.storyboard in Resources */ = {isa = PBXBuildFile; fileRef = AD05857122CBACC000B36010 /* Scoring.storyboard */; };
		AD05857422CBAD6700B36010 /* UserViewController.swift in Sources */ = {isa = PBXBuildFile; fileRef = AD05857322CBAD6700B36010 /* UserViewController.swift */; };
		AD05857622CBAD9B00B36010 /* UserTableViewCell.swift in Sources */ = {isa = PBXBuildFile; fileRef = AD05857522CBAD9B00B36010 /* UserTableViewCell.swift */; };
		AD05857822CBBDAB00B36010 /* ScoringViewController.swift in Sources */ = {isa = PBXBuildFile; fileRef = AD05857722CBBDAB00B36010 /* ScoringViewController.swift */; };
		AD05857A22CBBE1F00B36010 /* ScoringTableViewCell.swift in Sources */ = {isa = PBXBuildFile; fileRef = AD05857922CBBE1F00B36010 /* ScoringTableViewCell.swift */; };
		AD06892822D4BB8400D5CADC /* kpiFormResponse.swift in Sources */ = {isa = PBXBuildFile; fileRef = AD06892722D4BB8400D5CADC /* kpiFormResponse.swift */; };
		AD5DB79422CCEEEC007B4E46 /* Scoring_Mock.storyboard in Resources */ = {isa = PBXBuildFile; fileRef = AD5DB79322CCEEEB007B4E46 /* Scoring_Mock.storyboard */; };
		AD76E16122CD5E7D0024F139 /* SummaryViewController.swift in Sources */ = {isa = PBXBuildFile; fileRef = AD76E16022CD5E7D0024F139 /* SummaryViewController.swift */; };
		AD76E16322CD6D550024F139 /* PopUpViewController.swift in Sources */ = {isa = PBXBuildFile; fileRef = AD76E16222CD6D550024F139 /* PopUpViewController.swift */; };
		AD8F545322D49B5400282E45 /* KPI_ApplicationTests.swift in Sources */ = {isa = PBXBuildFile; fileRef = AD8F545222D49B5400282E45 /* KPI_ApplicationTests.swift */; };
		ADEAD25B22CA5456005FC1FA /* AppDelegate.swift in Sources */ = {isa = PBXBuildFile; fileRef = ADEAD25A22CA5456005FC1FA /* AppDelegate.swift */; };
		ADEAD25D22CA5456005FC1FA /* ViewController.swift in Sources */ = {isa = PBXBuildFile; fileRef = ADEAD25C22CA5456005FC1FA /* ViewController.swift */; };
		ADEAD26022CA5456005FC1FA /* Main.storyboard in Resources */ = {isa = PBXBuildFile; fileRef = ADEAD25E22CA5456005FC1FA /* Main.storyboard */; };
		ADEAD26222CA5457005FC1FA /* Assets.xcassets in Resources */ = {isa = PBXBuildFile; fileRef = ADEAD26122CA5457005FC1FA /* Assets.xcassets */; };
		ADEAD26522CA5457005FC1FA /* LaunchScreen.storyboard in Resources */ = {isa = PBXBuildFile; fileRef = ADEAD26322CA5457005FC1FA /* LaunchScreen.storyboard */; };
		E39D9B8722DF2E8100F4DE1D /* KPI_ApplicationUITests1.swift in Sources */ = {isa = PBXBuildFile; fileRef = E39D9B8622DF2E8100F4DE1D /* KPI_ApplicationUITests1.swift */; };
/* End PBXBuildFile section */

/* Begin PBXContainerItemProxy section */
		AD8F545522D49B5400282E45 /* PBXContainerItemProxy */ = {
			isa = PBXContainerItemProxy;
			containerPortal = ADEAD24F22CA5456005FC1FA /* Project object */;
			proxyType = 1;
			remoteGlobalIDString = ADEAD25622CA5456005FC1FA;
			remoteInfo = "KPI-Application";
		};
		E39D9B8922DF2E8100F4DE1D /* PBXContainerItemProxy */ = {
			isa = PBXContainerItemProxy;
			containerPortal = ADEAD24F22CA5456005FC1FA /* Project object */;
			proxyType = 1;
			remoteGlobalIDString = ADEAD25622CA5456005FC1FA;
			remoteInfo = "KPI-Application";
		};
/* End PBXContainerItemProxy section */

/* Begin PBXFileReference section */
		4C378437729F0A5C22E65EB7 /* Pods-KPI-Application.debug.xcconfig */ = {isa = PBXFileReference; includeInIndex = 1; lastKnownFileType = text.xcconfig; name = "Pods-KPI-Application.debug.xcconfig"; path = "Target Support Files/Pods-KPI-Application/Pods-KPI-Application.debug.xcconfig"; sourceTree = "<group>"; };
		6B86F7A6257F92D1C4E16044 /* Pods_KPI_Application.framework */ = {isa = PBXFileReference; explicitFileType = wrapper.framework; includeInIndex = 0; path = Pods_KPI_Application.framework; sourceTree = BUILT_PRODUCTS_DIR; };
		754D4C9245F031EB764EFF5C /* Pods-KPI-Application.release.xcconfig */ = {isa = PBXFileReference; includeInIndex = 1; lastKnownFileType = text.xcconfig; name = "Pods-KPI-Application.release.xcconfig"; path = "Target Support Files/Pods-KPI-Application/Pods-KPI-Application.release.xcconfig"; sourceTree = "<group>"; };
		8C21417A22CCB3F1002F9D25 /* UserHistory.storyboard */ = {isa = PBXFileReference; lastKnownFileType = file.storyboard; path = UserHistory.storyboard; sourceTree = "<group>"; };
		8C21417C22CCC01D002F9D25 /* UserHistoryViewController.swift */ = {isa = PBXFileReference; lastKnownFileType = sourcecode.swift; path = UserHistoryViewController.swift; sourceTree = "<group>"; };
		8C21417F22CCC59E002F9D25 /* FoldingCell.swift */ = {isa = PBXFileReference; lastKnownFileType = sourcecode.swift; path = FoldingCell.swift; sourceTree = "<group>"; };
		8CB10C2D22CE5C6A00D428AA /* DropTableViewCell.swift */ = {isa = PBXFileReference; lastKnownFileType = sourcecode.swift; path = DropTableViewCell.swift; sourceTree = "<group>"; };
		8CB10C2F22CE5C8800D428AA /* ChartTableViewCell.swift */ = {isa = PBXFileReference; lastKnownFileType = sourcecode.swift; path = ChartTableViewCell.swift; sourceTree = "<group>"; };
		8CB10C3122CE5CAA00D428AA /* UserDetailTableViewCell.swift */ = {isa = PBXFileReference; lastKnownFileType = sourcecode.swift; path = UserDetailTableViewCell.swift; sourceTree = "<group>"; };
		8CCED93522DB290F00BB3B32 /* UserHistoryResponse.swift */ = {isa = PBXFileReference; lastKnownFileType = sourcecode.swift; path = UserHistoryResponse.swift; sourceTree = "<group>"; };
		8CF3716022D5931200D689F0 /* AdminHistory.storyboard */ = {isa = PBXFileReference; fileEncoding = 4; lastKnownFileType = file.storyboard; path = AdminHistory.storyboard; sourceTree = "<group>"; };
		8CF3716222D5931D00D689F0 /* AdminTableViewCell.swift */ = {isa = PBXFileReference; fileEncoding = 4; lastKnownFileType = sourcecode.swift; path = AdminTableViewCell.swift; sourceTree = "<group>"; };
		8CF3716422D5933400D689F0 /* AdminHistoryViewController.swift */ = {isa = PBXFileReference; fileEncoding = 4; lastKnownFileType = sourcecode.swift; path = AdminHistoryViewController.swift; sourceTree = "<group>"; };
		AD05857122CBACC000B36010 /* Scoring.storyboard */ = {isa = PBXFileReference; lastKnownFileType = file.storyboard; path = Scoring.storyboard; sourceTree = "<group>"; };
		AD05857322CBAD6700B36010 /* UserViewController.swift */ = {isa = PBXFileReference; lastKnownFileType = sourcecode.swift; path = UserViewController.swift; sourceTree = "<group>"; };
		AD05857522CBAD9B00B36010 /* UserTableViewCell.swift */ = {isa = PBXFileReference; lastKnownFileType = sourcecode.swift; path = UserTableViewCell.swift; sourceTree = "<group>"; };
		AD05857722CBBDAB00B36010 /* ScoringViewController.swift */ = {isa = PBXFileReference; lastKnownFileType = sourcecode.swift; path = ScoringViewController.swift; sourceTree = "<group>"; };
		AD05857922CBBE1F00B36010 /* ScoringTableViewCell.swift */ = {isa = PBXFileReference; lastKnownFileType = sourcecode.swift; path = ScoringTableViewCell.swift; sourceTree = "<group>"; };
		AD06892722D4BB8400D5CADC /* kpiFormResponse.swift */ = {isa = PBXFileReference; lastKnownFileType = sourcecode.swift; path = kpiFormResponse.swift; sourceTree = "<group>"; };
		AD5DB79322CCEEEB007B4E46 /* Scoring_Mock.storyboard */ = {isa = PBXFileReference; lastKnownFileType = file.storyboard; path = Scoring_Mock.storyboard; sourceTree = "<group>"; };
		AD76E16022CD5E7D0024F139 /* SummaryViewController.swift */ = {isa = PBXFileReference; lastKnownFileType = sourcecode.swift; path = SummaryViewController.swift; sourceTree = "<group>"; };
		AD76E16222CD6D550024F139 /* PopUpViewController.swift */ = {isa = PBXFileReference; lastKnownFileType = sourcecode.swift; path = PopUpViewController.swift; sourceTree = "<group>"; };
		AD8F545022D49B5400282E45 /* KPI-ApplicationTests.xctest */ = {isa = PBXFileReference; explicitFileType = wrapper.cfbundle; includeInIndex = 0; path = "KPI-ApplicationTests.xctest"; sourceTree = BUILT_PRODUCTS_DIR; };
		AD8F545222D49B5400282E45 /* KPI_ApplicationTests.swift */ = {isa = PBXFileReference; lastKnownFileType = sourcecode.swift; path = KPI_ApplicationTests.swift; sourceTree = "<group>"; };
		AD8F545422D49B5400282E45 /* Info.plist */ = {isa = PBXFileReference; lastKnownFileType = text.plist.xml; path = Info.plist; sourceTree = "<group>"; };
		ADEAD25722CA5456005FC1FA /* KPI-Application.app */ = {isa = PBXFileReference; explicitFileType = wrapper.application; includeInIndex = 0; path = "KPI-Application.app"; sourceTree = BUILT_PRODUCTS_DIR; };
		ADEAD25A22CA5456005FC1FA /* AppDelegate.swift */ = {isa = PBXFileReference; lastKnownFileType = sourcecode.swift; path = AppDelegate.swift; sourceTree = "<group>"; };
		ADEAD25C22CA5456005FC1FA /* ViewController.swift */ = {isa = PBXFileReference; lastKnownFileType = sourcecode.swift; path = ViewController.swift; sourceTree = "<group>"; };
		ADEAD25F22CA5456005FC1FA /* Base */ = {isa = PBXFileReference; lastKnownFileType = file.storyboard; name = Base; path = Base.lproj/Main.storyboard; sourceTree = "<group>"; };
		ADEAD26122CA5457005FC1FA /* Assets.xcassets */ = {isa = PBXFileReference; lastKnownFileType = folder.assetcatalog; path = Assets.xcassets; sourceTree = "<group>"; };
		ADEAD26422CA5457005FC1FA /* Base */ = {isa = PBXFileReference; lastKnownFileType = file.storyboard; name = Base; path = Base.lproj/LaunchScreen.storyboard; sourceTree = "<group>"; };
		ADEAD26622CA5457005FC1FA /* Info.plist */ = {isa = PBXFileReference; lastKnownFileType = text.plist.xml; path = Info.plist; sourceTree = "<group>"; };
		E39D9B8422DF2E8100F4DE1D /* KPI-ApplicationUITests1.xctest */ = {isa = PBXFileReference; explicitFileType = wrapper.cfbundle; includeInIndex = 0; path = "KPI-ApplicationUITests1.xctest"; sourceTree = BUILT_PRODUCTS_DIR; };
		E39D9B8622DF2E8100F4DE1D /* KPI_ApplicationUITests1.swift */ = {isa = PBXFileReference; lastKnownFileType = sourcecode.swift; path = KPI_ApplicationUITests1.swift; sourceTree = "<group>"; };
		E39D9B8822DF2E8100F4DE1D /* Info.plist */ = {isa = PBXFileReference; lastKnownFileType = text.plist.xml; path = Info.plist; sourceTree = "<group>"; };
/* End PBXFileReference section */

/* Begin PBXFrameworksBuildPhase section */
		AD8F544D22D49B5400282E45 /* Frameworks */ = {
			isa = PBXFrameworksBuildPhase;
			buildActionMask = 2147483647;
			files = (
			);
			runOnlyForDeploymentPostprocessing = 0;
		};
		ADEAD25422CA5456005FC1FA /* Frameworks */ = {
			isa = PBXFrameworksBuildPhase;
			buildActionMask = 2147483647;
			files = (
				A9B9D4D301A3F7A1A6B6B105 /* Pods_KPI_Application.framework in Frameworks */,
			);
			runOnlyForDeploymentPostprocessing = 0;
		};
		E39D9B8122DF2E8100F4DE1D /* Frameworks */ = {
			isa = PBXFrameworksBuildPhase;
			buildActionMask = 2147483647;
			files = (
			);
			runOnlyForDeploymentPostprocessing = 0;
		};
/* End PBXFrameworksBuildPhase section */

/* Begin PBXGroup section */
		7721E7D3AB0925E193727C69 /* Frameworks */ = {
			isa = PBXGroup;
			children = (
				6B86F7A6257F92D1C4E16044 /* Pods_KPI_Application.framework */,
			);
			name = Frameworks;
			sourceTree = "<group>";
		};
		8C21417E22CCC576002F9D25 /* Library */ = {
			isa = PBXGroup;
			children = (
				8C21417F22CCC59E002F9D25 /* FoldingCell.swift */,
			);
			path = Library;
			sourceTree = "<group>";
		};
		AD05857B22CBC60200B36010 /* Controllers */ = {
			isa = PBXGroup;
			children = (
				AD05857722CBBDAB00B36010 /* ScoringViewController.swift */,
				AD05857322CBAD6700B36010 /* UserViewController.swift */,
				8C21417C22CCC01D002F9D25 /* UserHistoryViewController.swift */,
				8CF3716422D5933400D689F0 /* AdminHistoryViewController.swift */,
				AD76E16022CD5E7D0024F139 /* SummaryViewController.swift */,
				AD76E16222CD6D550024F139 /* PopUpViewController.swift */,
			);
			path = Controllers;
			sourceTree = "<group>";
		};
		AD05857C22CBC60E00B36010 /* Views */ = {
			isa = PBXGroup;
			children = (
				AD05857D22CBC61E00B36010 /* UITableViewCell */,
			);
			path = Views;
			sourceTree = "<group>";
		};
		AD05857D22CBC61E00B36010 /* UITableViewCell */ = {
			isa = PBXGroup;
			children = (
				AD05857522CBAD9B00B36010 /* UserTableViewCell.swift */,
				AD05857922CBBE1F00B36010 /* ScoringTableViewCell.swift */,
				8CB10C2D22CE5C6A00D428AA /* DropTableViewCell.swift */,
				8CB10C2F22CE5C8800D428AA /* ChartTableViewCell.swift */,
				8CB10C3122CE5CAA00D428AA /* UserDetailTableViewCell.swift */,
				8CF3716222D5931D00D689F0 /* AdminTableViewCell.swift */,
			);
			path = UITableViewCell;
			sourceTree = "<group>";
		};
		AD06892622D4BB3D00D5CADC /* Models */ = {
			isa = PBXGroup;
			children = (
				AD06892722D4BB8400D5CADC /* kpiFormResponse.swift */,
				8CCED93522DB290F00BB3B32 /* UserHistoryResponse.swift */,
			);
			path = Models;
			sourceTree = "<group>";
		};
		AD8F545122D49B5400282E45 /* KPI-ApplicationTests */ = {
			isa = PBXGroup;
			children = (
				AD8F545222D49B5400282E45 /* KPI_ApplicationTests.swift */,
				AD8F545422D49B5400282E45 /* Info.plist */,
			);
			path = "KPI-ApplicationTests";
			sourceTree = "<group>";
		};
		ADEAD24E22CA5456005FC1FA = {
			isa = PBXGroup;
			children = (
				ADEAD25922CA5456005FC1FA /* KPI-Application */,
				AD8F545122D49B5400282E45 /* KPI-ApplicationTests */,
				E39D9B8522DF2E8100F4DE1D /* KPI-ApplicationUITests1 */,
				ADEAD25822CA5456005FC1FA /* Products */,
				BDF857A7645E89F4E8981185 /* Pods */,
				7721E7D3AB0925E193727C69 /* Frameworks */,
			);
			sourceTree = "<group>";
		};
		ADEAD25822CA5456005FC1FA /* Products */ = {
			isa = PBXGroup;
			children = (
				ADEAD25722CA5456005FC1FA /* KPI-Application.app */,
				AD8F545022D49B5400282E45 /* KPI-ApplicationTests.xctest */,
				E39D9B8422DF2E8100F4DE1D /* KPI-ApplicationUITests1.xctest */,
			);
			name = Products;
			sourceTree = "<group>";
		};
		ADEAD25922CA5456005FC1FA /* KPI-Application */ = {
			isa = PBXGroup;
			children = (
				AD06892622D4BB3D00D5CADC /* Models */,
				8C21417E22CCC576002F9D25 /* Library */,
				AD05857C22CBC60E00B36010 /* Views */,
				AD05857B22CBC60200B36010 /* Controllers */,
				ADEAD25A22CA5456005FC1FA /* AppDelegate.swift */,
				ADEAD25C22CA5456005FC1FA /* ViewController.swift */,
				ADEAD25E22CA5456005FC1FA /* Main.storyboard */,
				ADEAD26122CA5457005FC1FA /* Assets.xcassets */,
				ADEAD26322CA5457005FC1FA /* LaunchScreen.storyboard */,
				ADEAD26622CA5457005FC1FA /* Info.plist */,
				AD05857122CBACC000B36010 /* Scoring.storyboard */,
				8C21417A22CCB3F1002F9D25 /* UserHistory.storyboard */,
				AD5DB79322CCEEEB007B4E46 /* Scoring_Mock.storyboard */,
				8CF3716022D5931200D689F0 /* AdminHistory.storyboard */,
			);
			path = "KPI-Application";
			sourceTree = "<group>";
		};
		BDF857A7645E89F4E8981185 /* Pods */ = {
			isa = PBXGroup;
			children = (
				4C378437729F0A5C22E65EB7 /* Pods-KPI-Application.debug.xcconfig */,
				754D4C9245F031EB764EFF5C /* Pods-KPI-Application.release.xcconfig */,
			);
			path = Pods;
			sourceTree = "<group>";
		};
		E39D9B8522DF2E8100F4DE1D /* KPI-ApplicationUITests1 */ = {
			isa = PBXGroup;
			children = (
				E39D9B8622DF2E8100F4DE1D /* KPI_ApplicationUITests1.swift */,
				E39D9B8822DF2E8100F4DE1D /* Info.plist */,
			);
			path = "KPI-ApplicationUITests1";
			sourceTree = "<group>";
		};
/* End PBXGroup section */

/* Begin PBXNativeTarget section */
		AD8F544F22D49B5400282E45 /* KPI-ApplicationTests */ = {
			isa = PBXNativeTarget;
			buildConfigurationList = AD8F545922D49B5400282E45 /* Build configuration list for PBXNativeTarget "KPI-ApplicationTests" */;
			buildPhases = (
				AD8F544C22D49B5400282E45 /* Sources */,
				AD8F544D22D49B5400282E45 /* Frameworks */,
				AD8F544E22D49B5400282E45 /* Resources */,
			);
			buildRules = (
			);
			dependencies = (
				AD8F545622D49B5400282E45 /* PBXTargetDependency */,
			);
			name = "KPI-ApplicationTests";
			productName = "KPI-ApplicationTests";
			productReference = AD8F545022D49B5400282E45 /* KPI-ApplicationTests.xctest */;
			productType = "com.apple.product-type.bundle.unit-test";
		};
		ADEAD25622CA5456005FC1FA /* KPI-Application */ = {
			isa = PBXNativeTarget;
			buildConfigurationList = ADEAD26922CA5457005FC1FA /* Build configuration list for PBXNativeTarget "KPI-Application" */;
			buildPhases = (
				2B99D8E4D27C8A793D35271B /* [CP] Check Pods Manifest.lock */,
				ADEAD25322CA5456005FC1FA /* Sources */,
				ADEAD25422CA5456005FC1FA /* Frameworks */,
				ADEAD25522CA5456005FC1FA /* Resources */,
				A298FCAC4EE64981A2E5F5F2 /* [CP] Embed Pods Frameworks */,
			);
			buildRules = (
			);
			dependencies = (
			);
			name = "KPI-Application";
			productName = "KPI-Application";
			productReference = ADEAD25722CA5456005FC1FA /* KPI-Application.app */;
			productType = "com.apple.product-type.application";
		};
		E39D9B8322DF2E8100F4DE1D /* KPI-ApplicationUITests1 */ = {
			isa = PBXNativeTarget;
			buildConfigurationList = E39D9B8D22DF2E8100F4DE1D /* Build configuration list for PBXNativeTarget "KPI-ApplicationUITests1" */;
			buildPhases = (
				E39D9B8022DF2E8100F4DE1D /* Sources */,
				E39D9B8122DF2E8100F4DE1D /* Frameworks */,
				E39D9B8222DF2E8100F4DE1D /* Resources */,
			);
			buildRules = (
			);
			dependencies = (
				E39D9B8A22DF2E8100F4DE1D /* PBXTargetDependency */,
			);
			name = "KPI-ApplicationUITests1";
			productName = "KPI-ApplicationUITests1";
			productReference = E39D9B8422DF2E8100F4DE1D /* KPI-ApplicationUITests1.xctest */;
			productType = "com.apple.product-type.bundle.ui-testing";
		};
/* End PBXNativeTarget section */

/* Begin PBXProject section */
		ADEAD24F22CA5456005FC1FA /* Project object */ = {
			isa = PBXProject;
			attributes = {
				LastSwiftUpdateCheck = 1020;
				LastUpgradeCheck = 1020;
				ORGANIZATIONNAME = "พิมลวรรณ สุดมี";
				TargetAttributes = {
					AD8F544F22D49B5400282E45 = {
						CreatedOnToolsVersion = 10.2.1;
						TestTargetID = ADEAD25622CA5456005FC1FA;
					};
					ADEAD25622CA5456005FC1FA = {
						CreatedOnToolsVersion = 10.2.1;
					};
					E39D9B8322DF2E8100F4DE1D = {
						CreatedOnToolsVersion = 10.2.1;
						TestTargetID = ADEAD25622CA5456005FC1FA;
					};
				};
			};
			buildConfigurationList = ADEAD25222CA5456005FC1FA /* Build configuration list for PBXProject "KPI-Application" */;
			compatibilityVersion = "Xcode 9.3";
			developmentRegion = en;
			hasScannedForEncodings = 0;
			knownRegions = (
				en,
				Base,
			);
			mainGroup = ADEAD24E22CA5456005FC1FA;
			productRefGroup = ADEAD25822CA5456005FC1FA /* Products */;
			projectDirPath = "";
			projectRoot = "";
			targets = (
				ADEAD25622CA5456005FC1FA /* KPI-Application */,
				AD8F544F22D49B5400282E45 /* KPI-ApplicationTests */,
				E39D9B8322DF2E8100F4DE1D /* KPI-ApplicationUITests1 */,
			);
		};
/* End PBXProject section */

/* Begin PBXResourcesBuildPhase section */
		AD8F544E22D49B5400282E45 /* Resources */ = {
			isa = PBXResourcesBuildPhase;
			buildActionMask = 2147483647;
			files = (
			);
			runOnlyForDeploymentPostprocessing = 0;
		};
		ADEAD25522CA5456005FC1FA /* Resources */ = {
			isa = PBXResourcesBuildPhase;
			buildActionMask = 2147483647;
			files = (
				ADEAD26522CA5457005FC1FA /* LaunchScreen.storyboard in Resources */,
				ADEAD26222CA5457005FC1FA /* Assets.xcassets in Resources */,
				AD05857222CBACC000B36010 /* Scoring.storyboard in Resources */,
				ADEAD26022CA5456005FC1FA /* Main.storyboard in Resources */,
				8CF3716122D5931200D689F0 /* AdminHistory.storyboard in Resources */,
				8C21417B22CCB3F1002F9D25 /* UserHistory.storyboard in Resources */,
				AD5DB79422CCEEEC007B4E46 /* Scoring_Mock.storyboard in Resources */,
			);
			runOnlyForDeploymentPostprocessing = 0;
		};
		E39D9B8222DF2E8100F4DE1D /* Resources */ = {
			isa = PBXResourcesBuildPhase;
			buildActionMask = 2147483647;
			files = (
			);
			runOnlyForDeploymentPostprocessing = 0;
		};
/* End PBXResourcesBuildPhase section */

/* Begin PBXShellScriptBuildPhase section */
		2B99D8E4D27C8A793D35271B /* [CP] Check Pods Manifest.lock */ = {
			isa = PBXShellScriptBuildPhase;
			buildActionMask = 2147483647;
			files = (
			);
			inputFileListPaths = (
			);
			inputPaths = (
				"${PODS_PODFILE_DIR_PATH}/Podfile.lock",
				"${PODS_ROOT}/Manifest.lock",
			);
			name = "[CP] Check Pods Manifest.lock";
			outputFileListPaths = (
			);
			outputPaths = (
				"$(DERIVED_FILE_DIR)/Pods-KPI-Application-checkManifestLockResult.txt",
			);
			runOnlyForDeploymentPostprocessing = 0;
			shellPath = /bin/sh;
			shellScript = "diff \"${PODS_PODFILE_DIR_PATH}/Podfile.lock\" \"${PODS_ROOT}/Manifest.lock\" > /dev/null\nif [ $? != 0 ] ; then\n    # print error to STDERR\n    echo \"error: The sandbox is not in sync with the Podfile.lock. Run 'pod install' or update your CocoaPods installation.\" >&2\n    exit 1\nfi\n# This output is used by Xcode 'outputs' to avoid re-running this script phase.\necho \"SUCCESS\" > \"${SCRIPT_OUTPUT_FILE_0}\"\n";
			showEnvVarsInLog = 0;
		};
		A298FCAC4EE64981A2E5F5F2 /* [CP] Embed Pods Frameworks */ = {
			isa = PBXShellScriptBuildPhase;
			buildActionMask = 2147483647;
			files = (
			);
			inputFileListPaths = (
				"${PODS_ROOT}/Target Support Files/Pods-KPI-Application/Pods-KPI-Application-frameworks-${CONFIGURATION}-input-files.xcfilelist",
			);
			name = "[CP] Embed Pods Frameworks";
			outputFileListPaths = (
				"${PODS_ROOT}/Target Support Files/Pods-KPI-Application/Pods-KPI-Application-frameworks-${CONFIGURATION}-output-files.xcfilelist",
			);
			runOnlyForDeploymentPostprocessing = 0;
			shellPath = /bin/sh;
			shellScript = "\"${PODS_ROOT}/Target Support Files/Pods-KPI-Application/Pods-KPI-Application-frameworks.sh\"\n";
			showEnvVarsInLog = 0;
		};
/* End PBXShellScriptBuildPhase section */

/* Begin PBXSourcesBuildPhase section */
		AD8F544C22D49B5400282E45 /* Sources */ = {
			isa = PBXSourcesBuildPhase;
			buildActionMask = 2147483647;
			files = (
				AD8F545322D49B5400282E45 /* KPI_ApplicationTests.swift in Sources */,
			);
			runOnlyForDeploymentPostprocessing = 0;
		};
		ADEAD25322CA5456005FC1FA /* Sources */ = {
			isa = PBXSourcesBuildPhase;
			buildActionMask = 2147483647;
			files = (
				8CF3716522D5933400D689F0 /* AdminHistoryViewController.swift in Sources */,
				8CB10C3022CE5C8800D428AA /* ChartTableViewCell.swift in Sources */,
				AD05857422CBAD6700B36010 /* UserViewController.swift in Sources */,
				ADEAD25D22CA5456005FC1FA /* ViewController.swift in Sources */,
				8C21417D22CCC01D002F9D25 /* UserHistoryViewController.swift in Sources */,
				AD76E16322CD6D550024F139 /* PopUpViewController.swift in Sources */,
				AD76E16122CD5E7D0024F139 /* SummaryViewController.swift in Sources */,
				ADEAD25B22CA5456005FC1FA /* AppDelegate.swift in Sources */,
				8CB10C2E22CE5C6A00D428AA /* DropTableViewCell.swift in Sources */,
				AD05857822CBBDAB00B36010 /* ScoringViewController.swift in Sources */,
				AD06892822D4BB8400D5CADC /* kpiFormResponse.swift in Sources */,
				8CCED93622DB290F00BB3B32 /* UserHistoryResponse.swift in Sources */,
				AD05857A22CBBE1F00B36010 /* ScoringTableViewCell.swift in Sources */,
				8CB10C3222CE5CAA00D428AA /* UserDetailTableViewCell.swift in Sources */,
				8CF3716322D5931D00D689F0 /* AdminTableViewCell.swift in Sources */,
				AD05857622CBAD9B00B36010 /* UserTableViewCell.swift in Sources */,
				8C21418022CCC59E002F9D25 /* FoldingCell.swift in Sources */,
			);
			runOnlyForDeploymentPostprocessing = 0;
		};
		E39D9B8022DF2E8100F4DE1D /* Sources */ = {
			isa = PBXSourcesBuildPhase;
			buildActionMask = 2147483647;
			files = (
				E39D9B8722DF2E8100F4DE1D /* KPI_ApplicationUITests1.swift in Sources */,
			);
			runOnlyForDeploymentPostprocessing = 0;
		};
/* End PBXSourcesBuildPhase section */

/* Begin PBXTargetDependency section */
		AD8F545622D49B5400282E45 /* PBXTargetDependency */ = {
			isa = PBXTargetDependency;
			target = ADEAD25622CA5456005FC1FA /* KPI-Application */;
			targetProxy = AD8F545522D49B5400282E45 /* PBXContainerItemProxy */;
		};
		E39D9B8A22DF2E8100F4DE1D /* PBXTargetDependency */ = {
			isa = PBXTargetDependency;
			target = ADEAD25622CA5456005FC1FA /* KPI-Application */;
			targetProxy = E39D9B8922DF2E8100F4DE1D /* PBXContainerItemProxy */;
		};
/* End PBXTargetDependency section */

/* Begin PBXVariantGroup section */
		ADEAD25E22CA5456005FC1FA /* Main.storyboard */ = {
			isa = PBXVariantGroup;
			children = (
				ADEAD25F22CA5456005FC1FA /* Base */,
			);
			name = Main.storyboard;
			sourceTree = "<group>";
		};
		ADEAD26322CA5457005FC1FA /* LaunchScreen.storyboard */ = {
			isa = PBXVariantGroup;
			children = (
				ADEAD26422CA5457005FC1FA /* Base */,
			);
			name = LaunchScreen.storyboard;
			sourceTree = "<group>";
		};
/* End PBXVariantGroup section */

/* Begin XCBuildConfiguration section */
		AD8F545722D49B5400282E45 /* Debug */ = {
			isa = XCBuildConfiguration;
			buildSettings = {
				BUNDLE_LOADER = "$(TEST_HOST)";
				CODE_SIGN_STYLE = Automatic;
				INFOPLIST_FILE = "KPI-ApplicationTests/Info.plist";
				LD_RUNPATH_SEARCH_PATHS = (
					"$(inherited)",
					"@executable_path/Frameworks",
					"@loader_path/Frameworks",
				);
				PRODUCT_BUNDLE_IDENTIFIER = "scb.KPI-ApplicationTests";
				PRODUCT_NAME = "$(TARGET_NAME)";
				SWIFT_VERSION = 5.0;
				TARGETED_DEVICE_FAMILY = "1,2";
				TEST_HOST = "$(BUILT_PRODUCTS_DIR)/KPI-Application.app/KPI-Application";
			};
			name = Debug;
		};
		AD8F545822D49B5400282E45 /* Release */ = {
			isa = XCBuildConfiguration;
			buildSettings = {
				BUNDLE_LOADER = "$(TEST_HOST)";
				CODE_SIGN_STYLE = Automatic;
				INFOPLIST_FILE = "KPI-ApplicationTests/Info.plist";
				LD_RUNPATH_SEARCH_PATHS = (
					"$(inherited)",
					"@executable_path/Frameworks",
					"@loader_path/Frameworks",
				);
				PRODUCT_BUNDLE_IDENTIFIER = "scb.KPI-ApplicationTests";
				PRODUCT_NAME = "$(TARGET_NAME)";
				SWIFT_VERSION = 5.0;
				TARGETED_DEVICE_FAMILY = "1,2";
				TEST_HOST = "$(BUILT_PRODUCTS_DIR)/KPI-Application.app/KPI-Application";
			};
			name = Release;
		};
		ADEAD26722CA5457005FC1FA /* Debug */ = {
			isa = XCBuildConfiguration;
			buildSettings = {
				ALWAYS_SEARCH_USER_PATHS = NO;
				CLANG_ANALYZER_NONNULL = YES;
				CLANG_ANALYZER_NUMBER_OBJECT_CONVERSION = YES_AGGRESSIVE;
				CLANG_CXX_LANGUAGE_STANDARD = "gnu++14";
				CLANG_CXX_LIBRARY = "libc++";
				CLANG_ENABLE_MODULES = YES;
				CLANG_ENABLE_OBJC_ARC = YES;
				CLANG_ENABLE_OBJC_WEAK = YES;
				CLANG_WARN_BLOCK_CAPTURE_AUTORELEASING = YES;
				CLANG_WARN_BOOL_CONVERSION = YES;
				CLANG_WARN_COMMA = YES;
				CLANG_WARN_CONSTANT_CONVERSION = YES;
				CLANG_WARN_DEPRECATED_OBJC_IMPLEMENTATIONS = YES;
				CLANG_WARN_DIRECT_OBJC_ISA_USAGE = YES_ERROR;
				CLANG_WARN_DOCUMENTATION_COMMENTS = YES;
				CLANG_WARN_EMPTY_BODY = YES;
				CLANG_WARN_ENUM_CONVERSION = YES;
				CLANG_WARN_INFINITE_RECURSION = YES;
				CLANG_WARN_INT_CONVERSION = YES;
				CLANG_WARN_NON_LITERAL_NULL_CONVERSION = YES;
				CLANG_WARN_OBJC_IMPLICIT_RETAIN_SELF = YES;
				CLANG_WARN_OBJC_LITERAL_CONVERSION = YES;
				CLANG_WARN_OBJC_ROOT_CLASS = YES_ERROR;
				CLANG_WARN_RANGE_LOOP_ANALYSIS = YES;
				CLANG_WARN_STRICT_PROTOTYPES = YES;
				CLANG_WARN_SUSPICIOUS_MOVE = YES;
				CLANG_WARN_UNGUARDED_AVAILABILITY = YES_AGGRESSIVE;
				CLANG_WARN_UNREACHABLE_CODE = YES;
				CLANG_WARN__DUPLICATE_METHOD_MATCH = YES;
				CODE_SIGN_IDENTITY = "iPhone Developer";
				COPY_PHASE_STRIP = NO;
				DEBUG_INFORMATION_FORMAT = dwarf;
				ENABLE_STRICT_OBJC_MSGSEND = YES;
				ENABLE_TESTABILITY = YES;
				GCC_C_LANGUAGE_STANDARD = gnu11;
				GCC_DYNAMIC_NO_PIC = NO;
				GCC_NO_COMMON_BLOCKS = YES;
				GCC_OPTIMIZATION_LEVEL = 0;
				GCC_PREPROCESSOR_DEFINITIONS = (
					"DEBUG=1",
					"$(inherited)",
				);
				GCC_WARN_64_TO_32_BIT_CONVERSION = YES;
				GCC_WARN_ABOUT_RETURN_TYPE = YES_ERROR;
				GCC_WARN_UNDECLARED_SELECTOR = YES;
				GCC_WARN_UNINITIALIZED_AUTOS = YES_AGGRESSIVE;
				GCC_WARN_UNUSED_FUNCTION = YES;
				GCC_WARN_UNUSED_VARIABLE = YES;
				IPHONEOS_DEPLOYMENT_TARGET = 12.2;
				MTL_ENABLE_DEBUG_INFO = INCLUDE_SOURCE;
				MTL_FAST_MATH = YES;
				ONLY_ACTIVE_ARCH = YES;
				SDKROOT = iphoneos;
				SWIFT_ACTIVE_COMPILATION_CONDITIONS = DEBUG;
				SWIFT_OPTIMIZATION_LEVEL = "-Onone";
			};
			name = Debug;
		};
		ADEAD26822CA5457005FC1FA /* Release */ = {
			isa = XCBuildConfiguration;
			buildSettings = {
				ALWAYS_SEARCH_USER_PATHS = NO;
				CLANG_ANALYZER_NONNULL = YES;
				CLANG_ANALYZER_NUMBER_OBJECT_CONVERSION = YES_AGGRESSIVE;
				CLANG_CXX_LANGUAGE_STANDARD = "gnu++14";
				CLANG_CXX_LIBRARY = "libc++";
				CLANG_ENABLE_MODULES = YES;
				CLANG_ENABLE_OBJC_ARC = YES;
				CLANG_ENABLE_OBJC_WEAK = YES;
				CLANG_WARN_BLOCK_CAPTURE_AUTORELEASING = YES;
				CLANG_WARN_BOOL_CONVERSION = YES;
				CLANG_WARN_COMMA = YES;
				CLANG_WARN_CONSTANT_CONVERSION = YES;
				CLANG_WARN_DEPRECATED_OBJC_IMPLEMENTATIONS = YES;
				CLANG_WARN_DIRECT_OBJC_ISA_USAGE = YES_ERROR;
				CLANG_WARN_DOCUMENTATION_COMMENTS = YES;
				CLANG_WARN_EMPTY_BODY = YES;
				CLANG_WARN_ENUM_CONVERSION = YES;
				CLANG_WARN_INFINITE_RECURSION = YES;
				CLANG_WARN_INT_CONVERSION = YES;
				CLANG_WARN_NON_LITERAL_NULL_CONVERSION = YES;
				CLANG_WARN_OBJC_IMPLICIT_RETAIN_SELF = YES;
				CLANG_WARN_OBJC_LITERAL_CONVERSION = YES;
				CLANG_WARN_OBJC_ROOT_CLASS = YES_ERROR;
				CLANG_WARN_RANGE_LOOP_ANALYSIS = YES;
				CLANG_WARN_STRICT_PROTOTYPES = YES;
				CLANG_WARN_SUSPICIOUS_MOVE = YES;
				CLANG_WARN_UNGUARDED_AVAILABILITY = YES_AGGRESSIVE;
				CLANG_WARN_UNREACHABLE_CODE = YES;
				CLANG_WARN__DUPLICATE_METHOD_MATCH = YES;
				CODE_SIGN_IDENTITY = "iPhone Developer";
				COPY_PHASE_STRIP = NO;
				DEBUG_INFORMATION_FORMAT = "dwarf-with-dsym";
				ENABLE_NS_ASSERTIONS = NO;
				ENABLE_STRICT_OBJC_MSGSEND = YES;
				GCC_C_LANGUAGE_STANDARD = gnu11;
				GCC_NO_COMMON_BLOCKS = YES;
				GCC_WARN_64_TO_32_BIT_CONVERSION = YES;
				GCC_WARN_ABOUT_RETURN_TYPE = YES_ERROR;
				GCC_WARN_UNDECLARED_SELECTOR = YES;
				GCC_WARN_UNINITIALIZED_AUTOS = YES_AGGRESSIVE;
				GCC_WARN_UNUSED_FUNCTION = YES;
				GCC_WARN_UNUSED_VARIABLE = YES;
				IPHONEOS_DEPLOYMENT_TARGET = 12.2;
				MTL_ENABLE_DEBUG_INFO = NO;
				MTL_FAST_MATH = YES;
				SDKROOT = iphoneos;
				SWIFT_COMPILATION_MODE = wholemodule;
				SWIFT_OPTIMIZATION_LEVEL = "-O";
				VALIDATE_PRODUCT = YES;
			};
			name = Release;
		};
		ADEAD26A22CA5457005FC1FA /* Debug */ = {
			isa = XCBuildConfiguration;
			baseConfigurationReference = 4C378437729F0A5C22E65EB7 /* Pods-KPI-Application.debug.xcconfig */;
			buildSettings = {
				ASSETCATALOG_COMPILER_APPICON_NAME = AppIcon;
				CODE_SIGN_STYLE = Automatic;
				INFOPLIST_FILE = "KPI-Application/Info.plist";
				LD_RUNPATH_SEARCH_PATHS = (
					"$(inherited)",
					"@executable_path/Frameworks",
				);
				PRODUCT_BUNDLE_IDENTIFIER = "scb.KPI-Application";
				PRODUCT_NAME = "$(TARGET_NAME)";
				SWIFT_VERSION = 5.0;
				TARGETED_DEVICE_FAMILY = "1,2";
			};
			name = Debug;
		};
		ADEAD26B22CA5457005FC1FA /* Release */ = {
			isa = XCBuildConfiguration;
			baseConfigurationReference = 754D4C9245F031EB764EFF5C /* Pods-KPI-Application.release.xcconfig */;
			buildSettings = {
				ASSETCATALOG_COMPILER_APPICON_NAME = AppIcon;
				CODE_SIGN_STYLE = Automatic;
				INFOPLIST_FILE = "KPI-Application/Info.plist";
				LD_RUNPATH_SEARCH_PATHS = (
					"$(inherited)",
					"@executable_path/Frameworks",
				);
				PRODUCT_BUNDLE_IDENTIFIER = "scb.KPI-Application";
				PRODUCT_NAME = "$(TARGET_NAME)";
				SWIFT_VERSION = 5.0;
				TARGETED_DEVICE_FAMILY = "1,2";
			};
			name = Release;
		};
		E39D9B8B22DF2E8100F4DE1D /* Debug */ = {
			isa = XCBuildConfiguration;
			buildSettings = {
				CODE_SIGN_STYLE = Automatic;
				INFOPLIST_FILE = "KPI-ApplicationUITests1/Info.plist";
				LD_RUNPATH_SEARCH_PATHS = (
					"$(inherited)",
					"@executable_path/Frameworks",
					"@loader_path/Frameworks",
				);
				PRODUCT_BUNDLE_IDENTIFIER = "example.KPI-ApplicationUITests1";
				PRODUCT_NAME = "$(TARGET_NAME)";
				SWIFT_VERSION = 5.0;
				TARGETED_DEVICE_FAMILY = "1,2";
				TEST_TARGET_NAME = "KPI-Application";
			};
			name = Debug;
		};
		E39D9B8C22DF2E8100F4DE1D /* Release */ = {
			isa = XCBuildConfiguration;
			buildSettings = {
				CODE_SIGN_STYLE = Automatic;
				INFOPLIST_FILE = "KPI-ApplicationUITests1/Info.plist";
				LD_RUNPATH_SEARCH_PATHS = (
					"$(inherited)",
					"@executable_path/Frameworks",
					"@loader_path/Frameworks",
				);
				PRODUCT_BUNDLE_IDENTIFIER = "example.KPI-ApplicationUITests1";
				PRODUCT_NAME = "$(TARGET_NAME)";
				SWIFT_VERSION = 5.0;
				TARGETED_DEVICE_FAMILY = "1,2";
				TEST_TARGET_NAME = "KPI-Application";
			};
			name = Release;
		};
/* End XCBuildConfiguration section */

/* Begin XCConfigurationList section */
		AD8F545922D49B5400282E45 /* Build configuration list for PBXNativeTarget "KPI-ApplicationTests" */ = {
			isa = XCConfigurationList;
			buildConfigurations = (
				AD8F545722D49B5400282E45 /* Debug */,
				AD8F545822D49B5400282E45 /* Release */,
			);
			defaultConfigurationIsVisible = 0;
			defaultConfigurationName = Release;
		};
		ADEAD25222CA5456005FC1FA /* Build configuration list for PBXProject "KPI-Application" */ = {
			isa = XCConfigurationList;
			buildConfigurations = (
				ADEAD26722CA5457005FC1FA /* Debug */,
				ADEAD26822CA5457005FC1FA /* Release */,
			);
			defaultConfigurationIsVisible = 0;
			defaultConfigurationName = Release;
		};
		ADEAD26922CA5457005FC1FA /* Build configuration list for PBXNativeTarget "KPI-Application" */ = {
			isa = XCConfigurationList;
			buildConfigurations = (
				ADEAD26A22CA5457005FC1FA /* Debug */,
				ADEAD26B22CA5457005FC1FA /* Release */,
			);
			defaultConfigurationIsVisible = 0;
			defaultConfigurationName = Release;
		};
		E39D9B8D22DF2E8100F4DE1D /* Build configuration list for PBXNativeTarget "KPI-ApplicationUITests1" */ = {
			isa = XCConfigurationList;
			buildConfigurations = (
				E39D9B8B22DF2E8100F4DE1D /* Debug */,
				E39D9B8C22DF2E8100F4DE1D /* Release */,
			);
			defaultConfigurationIsVisible = 0;
			defaultConfigurationName = Release;
		};
/* End XCConfigurationList section */
	};
	rootObject = ADEAD24F22CA5456005FC1FA /* Project object */;
}
